
Microsoft Visual Studio Solution File, Format Version 12.00
# Visual Studio Version 16
VisualStudioVersion = 16.0.32106.194
MinimumVisualStudioVersion = 10.0.40219.1
Project("{FAE04EC0-301F-11D3-BF4B-00C04F79EFBC}") = "ImageUploadReCreate", "ImageUploadReCreate\ImageUploadReCreate.csproj", "{A33553D6-AB80-4C36-B6AC-28EC82956F2C}"
EndProject
Global
	GlobalSection(SolutionConfigurationPlatforms) = preSolution
		Debug|Any CPU = Debug|Any CPU
		Release|Any CPU = Release|Any CPU
	EndGlobalSection
	GlobalSection(ProjectConfigurationPlatforms) = postSolution
		{A33553D6-AB80-4C36-B6AC-28EC82956F2C}.Debug|Any CPU.ActiveCfg = Debug|Any CPU
		{A33553D6-AB80-4C36-B6AC-28EC82956F2C}.Debug|Any CPU.Build.0 = Debug|Any CPU
		{A33553D6-AB80-4C36-B6AC-28EC82956F2C}.Release|Any CPU.ActiveCfg = Release|Any CPU
		{A33553D6-AB80-4C36-B6AC-28EC82956F2C}.Release|Any CPU.Build.0 = Release|Any CPU
	EndGlobalSection
	GlobalSection(SolutionProperties) = preSolution
		HideSolutionNode = FALSE
	EndGlobalSection
	GlobalSection(ExtensibilityGlobals) = postSolution
		SolutionGuid = {4FD10F40-C2D1-48A7-92E6-FB94ACC130EA}
	EndGlobalSection
EndGlobal
